
Microsoft Visual Studio Solution File, Format Version 12.00
# Visual Studio 15
VisualStudioVersion = 15.0.28307.852
MinimumVisualStudioVersion = 10.0.40219.1
Project("{FAE04EC0-301F-11D3-BF4B-00C04F79EFBC}") = "A108223041", "A108223041\A108223041.csproj", "{132B88B5-2A63-4859-96FF-07B739D926A7}"
EndProject
Global
	GlobalSection(SolutionConfigurationPlatforms) = preSolution
		Debug|Any CPU = Debug|Any CPU
		Release|Any CPU = Release|Any CPU
	EndGlobalSection
	GlobalSection(ProjectConfigurationPlatforms) = postSolution
		{132B88B5-2A63-4859-96FF-07B739D926A7}.Debug|Any CPU.ActiveCfg = Debug|Any CPU
		{132B88B5-2A63-4859-96FF-07B739D926A7}.Debug|Any CPU.Build.0 = Debug|Any CPU
		{132B88B5-2A63-4859-96FF-07B739D926A7}.Release|Any CPU.ActiveCfg = Release|Any CPU
		{132B88B5-2A63-4859-96FF-07B739D926A7}.Release|Any CPU.Build.0 = Release|Any CPU
	EndGlobalSection
	GlobalSection(SolutionProperties) = preSolution
		HideSolutionNode = FALSE
	EndGlobalSection
	GlobalSection(ExtensibilityGlobals) = postSolution
		SolutionGuid = {9BA4315A-3719-4285-B2F2-20712397584B}
	EndGlobalSection
EndGlobal
